Microsoft Visual Studio Solution File, Format Version 11.00
# Visual Studio 2010
Project("{AC7492A6-6138-9382-2E0A-75C70685079D}") = "Audea", "Audea.vcxproj", "{3A2CBF8D-BDFF-607C-E8D6-BF2E3E8BAA63}"
EndProject
Global
	GlobalSection(SolutionConfigurationPlatforms) = preSolution
		Debug|Win32 = Debug|Win32
		Release|Win32 = Release|Win32
	EndGlobalSection
	GlobalSection(ProjectConfigurationPlatforms) = postSolution
		{3A2CBF8D-BDFF-607C-E8D6-BF2E3E8BAA63}.Debug|Win32.ActiveCfg = Debug|Win32
		{3A2CBF8D-BDFF-607C-E8D6-BF2E3E8BAA63}.Debug|Win32.Build.0 = Debug|Win32
		{3A2CBF8D-BDFF-607C-E8D6-BF2E3E8BAA63}.Release|Win32.ActiveCfg = Release|Win32
		{3A2CBF8D-BDFF-607C-E8D6-BF2E3E8BAA63}.Release|Win32.Build.0 = Release|Win32
	EndGlobalSection
	GlobalSection(SolutionProperties) = preSolution
		HideSolutionNode = FALSE
	EndGlobalSection
EndGlobal
